
Microsoft Visual Studio Solution File, Format Version 12.00
# Visual Studio Version 17
VisualStudioVersion = 17.7.34202.233
MinimumVisualStudioVersion = 10.0.40219.1
Project("{9A19103F-16F7-4668-BE54-9A1E7A4F7556}") = "UserSpying.Server", "Server\UserSpying.Server.csproj", "{C47D6985-5143-4200-8F67-B9C10C7F570A}"
EndProject
Project("{9A19103F-16F7-4668-BE54-9A1E7A4F7556}") = "UserSpying.Client", "Client\UserSpying.Client.csproj", "{003B07BE-BE1B-4A80-AA86-34C26DB4D550}"
EndProject
Project("{9A19103F-16F7-4668-BE54-9A1E7A4F7556}") = "UserSpying.Shared", "Shared\UserSpying.Shared.csproj", "{75BFC95D-3DB8-4EC5-B073-27B596992E20}"
EndProject
Global
	GlobalSection(SolutionConfigurationPlatforms) = preSolution
		Debug|Any CPU = Debug|Any CPU
		Release|Any CPU = Release|Any CPU
	EndGlobalSection
	GlobalSection(ProjectConfigurationPlatforms) = postSolution
		{C47D6985-5143-4200-8F67-B9C10C7F570A}.Debug|Any CPU.ActiveCfg = Debug|Any CPU
		{C47D6985-5143-4200-8F67-B9C10C7F570A}.Debug|Any CPU.Build.0 = Debug|Any CPU
		{C47D6985-5143-4200-8F67-B9C10C7F570A}.Release|Any CPU.ActiveCfg = Release|Any CPU
		{C47D6985-5143-4200-8F67-B9C10C7F570A}.Release|Any CPU.Build.0 = Release|Any CPU
		{003B07BE-BE1B-4A80-AA86-34C26DB4D550}.Debug|Any CPU.ActiveCfg = Debug|Any CPU
		{003B07BE-BE1B-4A80-AA86-34C26DB4D550}.Debug|Any CPU.Build.0 = Debug|Any CPU
		{003B07BE-BE1B-4A80-AA86-34C26DB4D550}.Release|Any CPU.ActiveCfg = Release|Any CPU
		{003B07BE-BE1B-4A80-AA86-34C26DB4D550}.Release|Any CPU.Build.0 = Release|Any CPU
		{75BFC95D-3DB8-4EC5-B073-27B596992E20}.Debug|Any CPU.ActiveCfg = Debug|Any CPU
		{75BFC95D-3DB8-4EC5-B073-27B596992E20}.Debug|Any CPU.Build.0 = Debug|Any CPU
		{75BFC95D-3DB8-4EC5-B073-27B596992E20}.Release|Any CPU.ActiveCfg = Release|Any CPU
		{75BFC95D-3DB8-4EC5-B073-27B596992E20}.Release|Any CPU.Build.0 = Release|Any CPU
	EndGlobalSection
	GlobalSection(SolutionProperties) = preSolution
		HideSolutionNode = FALSE
	EndGlobalSection
	GlobalSection(ExtensibilityGlobals) = postSolution
		SolutionGuid = {60EB3642-ED61-46A2-A180-5193F9D36251}
	EndGlobalSection
EndGlobal
